# THIS IS AN AUTOGENERATED FILE. DO NOT EDIT THIS FILE DIRECTLY.
# yarn lockfile v1


"@types/marked@^0.4.0":
  version "0.4.0"
  resolved "https://registry.yarnpkg.com/@types/marked/-/marked-0.4.0.tgz#057a6165703e7419217f8ffc6887747f980b6315"

"@types/simplemde@^1.11.7":
  version "1.11.7"
  resolved "https://registry.yarnpkg.com/@types/simplemde/-/simplemde-1.11.7.tgz#c8bd9f54ff46db7f311a989004eb5815acedf429"

codemirror-spell-checker@*:
  version "1.1.2"
  resolved "https://registry.yarnpkg.com/codemirror-spell-checker/-/codemirror-spell-checker-1.1.2.tgz#1c660f9089483ccb5113b9ba9ca19c3f4993371e"
  dependencies:
    typo-js "*"

codemirror@*:
  version "5.39.2"
  resolved "https://registry.yarnpkg.com/codemirror/-/codemirror-5.39.2.tgz#778aa13b55ebf280745c309cb1b148e3fc06f698"

marked@*, marked@^0.4.0:
  version "0.4.0"
  resolved "https://registry.yarnpkg.com/marked/-/marked-0.4.0.tgz#9ad2c2a7a1791f10a852e0112f77b571dce10c66"

ng2-simplemde@^2.0.2:
  version "2.0.2"
  resolved "https://registry.yarnpkg.com/ng2-simplemde/-/ng2-simplemde-2.0.2.tgz#41125d2071ed7ce095d81881dac50f61e9f29cfc"
  dependencies:
    "@types/simplemde" "^1.11.7"
    simplemde "^1.11.2"

simplemde@^1.11.2:
  version "1.11.2"
  resolved "https://registry.yarnpkg.com/simplemde/-/simplemde-1.11.2.tgz#a23a35d978d2c40ef07dec008c92f070d8e080e3"
  dependencies:
    codemirror "*"
    codemirror-spell-checker "*"
    marked "*"

typo-js@*:
  version "1.0.3"
  resolved "https://registry.yarnpkg.com/typo-js/-/typo-js-1.0.3.tgz#54d8ebc7949f1a7810908b6002c6841526c99d5a"
